// !$*UTF8*$!
{
	archiveVersion = 1;
	classes = {
	};
	objectVersion = 56;
	objects = {

/* Begin PBXBuildFile section */
		B1038BC32A697F61000ABDFE /* IdentityInsightApp.swift in Sources */ = {isa = PBXBuildFile; fileRef = B1038BC22A697F61000ABDFE /* IdentityInsightApp.swift */; };
		B1038BC52A697F61000ABDFE /* ContentView.swift in Sources */ = {isa = PBXBuildFile; fileRef = B1038BC42A697F61000ABDFE /* ContentView.swift */; };
		B1038BC72A697F62000ABDFE /* Assets.xcassets in Resources */ = {isa = PBXBuildFile; fileRef = B1038BC62A697F62000ABDFE /* Assets.xcassets */; };
		B1038BCA2A697F62000ABDFE /* Preview Assets.xcassets in Resources */ = {isa = PBXBuildFile; fileRef = B1038BC92A697F62000ABDFE /* Preview Assets.xcassets */; };
		B1038BD22A6984C6000ABDFE /* WebAPI.swift in Sources */ = {isa = PBXBuildFile; fileRef = B1038BD12A6984C6000ABDFE /* WebAPI.swift */; };
		B1038BD92A69914C000ABDFE /* IdentityView.swift in Sources */ = {isa = PBXBuildFile; fileRef = B1038BD82A69914C000ABDFE /* IdentityView.swift */; };
		B1038BDC2A699185000ABDFE /* ApiViewModel.swift in Sources */ = {isa = PBXBuildFile; fileRef = B1038BDB2A699185000ABDFE /* ApiViewModel.swift */; };
		B1038BDE2A6995A4000ABDFE /* MapColumnView.swift in Sources */ = {isa = PBXBuildFile; fileRef = B1038BDD2A6995A4000ABDFE /* MapColumnView.swift */; };
		B1038BE02A699670000ABDFE /* IdentityDetailsView.swift in Sources */ = {isa = PBXBuildFile; fileRef = B1038BDF2A699670000ABDFE /* IdentityDetailsView.swift */; };
		B1038BE62A69C3FA000ABDFE /* SettingsView.swift in Sources */ = {isa = PBXBuildFile; fileRef = B1038BE52A69C3FA000ABDFE /* SettingsView.swift */; };
		B1038BE82A69E13B000ABDFE /* README.md in Resources */ = {isa = PBXBuildFile; fileRef = B1038BE72A69E13B000ABDFE /* README.md */; };
		B1AD488D2A6D7EFE000DBB71 /* LICENSE.txt in Resources */ = {isa = PBXBuildFile; fileRef = B1AD488C2A6D7EFE000DBB71 /* LICENSE.txt */; };
		B1AD488F2A6D87E1000DBB71 /* HistoryView.swift in Sources */ = {isa = PBXBuildFile; fileRef = B1AD488E2A6D87E1000DBB71 /* HistoryView.swift */; };
		B1AD48912A6D888C000DBB71 /* History.swift in Sources */ = {isa = PBXBuildFile; fileRef = B1AD48902A6D888C000DBB71 /* History.swift */; };
		B1AD48932A6D8A82000DBB71 /* HistoryViewModel.swift in Sources */ = {isa = PBXBuildFile; fileRef = B1AD48922A6D8A82000DBB71 /* HistoryViewModel.swift */; };
		B1AD48962A6D8DFB000DBB71 /* EmojiHelper.swift in Sources */ = {isa = PBXBuildFile; fileRef = B1AD48952A6D8DFB000DBB71 /* EmojiHelper.swift */; };
		B1AD48992A6DA6C4000DBB71 /* PresentationModeHelper.swift in Sources */ = {isa = PBXBuildFile; fileRef = B1AD48982A6DA6C4000DBB71 /* PresentationModeHelper.swift */; };
		B1AD489B2A6DC203000DBB71 /* PRIVACY.txt in Resources */ = {isa = PBXBuildFile; fileRef = B1AD489A2A6DC203000DBB71 /* PRIVACY.txt */; };
/* End PBXBuildFile section */

/* Begin PBXFileReference section */
		B1038BBF2A697F61000ABDFE /* IdentityInsight.app */ = {isa = PBXFileReference; explicitFileType = wrapper.application; includeInIndex = 0; path = IdentityInsight.app; sourceTree = BUILT_PRODUCTS_DIR; };
		B1038BC22A697F61000ABDFE /* IdentityInsightApp.swift */ = {isa = PBXFileReference; lastKnownFileType = sourcecode.swift; path = IdentityInsightApp.swift; sourceTree = "<group>"; };
		B1038BC42A697F61000ABDFE /* ContentView.swift */ = {isa = PBXFileReference; lastKnownFileType = sourcecode.swift; path = ContentView.swift; sourceTree = "<group>"; };
		B1038BC62A697F62000ABDFE /* Assets.xcassets */ = {isa = PBXFileReference; lastKnownFileType = folder.assetcatalog; path = Assets.xcassets; sourceTree = "<group>"; };
		B1038BC92A697F62000ABDFE /* Preview Assets.xcassets */ = {isa = PBXFileReference; lastKnownFileType = folder.assetcatalog; path = "Preview Assets.xcassets"; sourceTree = "<group>"; };
		B1038BD12A6984C6000ABDFE /* WebAPI.swift */ = {isa = PBXFileReference; lastKnownFileType = sourcecode.swift; path = WebAPI.swift; sourceTree = "<group>"; };
		B1038BD32A6986F7000ABDFE /* Config.xcconfig */ = {isa = PBXFileReference; lastKnownFileType = text.xcconfig; path = Config.xcconfig; sourceTree = "<group>"; };
		B1038BD42A69896E000ABDFE /* Info.plist */ = {isa = PBXFileReference; lastKnownFileType = text.plist; path = Info.plist; sourceTree = "<group>"; };
		B1038BD82A69914C000ABDFE /* IdentityView.swift */ = {isa = PBXFileReference; lastKnownFileType = sourcecode.swift; path = IdentityView.swift; sourceTree = "<group>"; };
		B1038BDB2A699185000ABDFE /* ApiViewModel.swift */ = {isa = PBXFileReference; lastKnownFileType = sourcecode.swift; path = ApiViewModel.swift; sourceTree = "<group>"; };
		B1038BDD2A6995A4000ABDFE /* MapColumnView.swift */ = {isa = PBXFileReference; lastKnownFileType = sourcecode.swift; path = MapColumnView.swift; sourceTree = "<group>"; };
		B1038BDF2A699670000ABDFE /* IdentityDetailsView.swift */ = {isa = PBXFileReference; lastKnownFileType = sourcecode.swift; path = IdentityDetailsView.swift; sourceTree = "<group>"; };
		B1038BE52A69C3FA000ABDFE /* SettingsView.swift */ = {isa = PBXFileReference; lastKnownFileType = sourcecode.swift; path = SettingsView.swift; sourceTree = "<group>"; };
		B1038BE72A69E13B000ABDFE /* README.md */ = {isa = PBXFileReference; lastKnownFileType = net.daringfireball.markdown; path = README.md; sourceTree = "<group>"; };
		B1AD488C2A6D7EFE000DBB71 /* LICENSE.txt */ = {isa = PBXFileReference; lastKnownFileType = text; path = LICENSE.txt; sourceTree = "<group>"; };
		B1AD488E2A6D87E1000DBB71 /* HistoryView.swift */ = {isa = PBXFileReference; lastKnownFileType = sourcecode.swift; path = HistoryView.swift; sourceTree = "<group>"; };
		B1AD48902A6D888C000DBB71 /* History.swift */ = {isa = PBXFileReference; lastKnownFileType = sourcecode.swift; path = History.swift; sourceTree = "<group>"; };
		B1AD48922A6D8A82000DBB71 /* HistoryViewModel.swift */ = {isa = PBXFileReference; lastKnownFileType = sourcecode.swift; path = HistoryViewModel.swift; sourceTree = "<group>"; };
		B1AD48952A6D8DFB000DBB71 /* EmojiHelper.swift */ = {isa = PBXFileReference; lastKnownFileType = sourcecode.swift; path = EmojiHelper.swift; sourceTree = "<group>"; };
		B1AD48982A6DA6C4000DBB71 /* PresentationModeHelper.swift */ = {isa = PBXFileReference; lastKnownFileType = sourcecode.swift; path = PresentationModeHelper.swift; sourceTree = "<group>"; };
		B1AD489A2A6DC203000DBB71 /* PRIVACY.txt */ = {isa = PBXFileReference; lastKnownFileType = text; path = PRIVACY.txt; sourceTree = "<group>"; };
/* End PBXFileReference section */

/* Begin PBXFrameworksBuildPhase section */
		B1038BBC2A697F61000ABDFE /* Frameworks */ = {
			isa = PBXFrameworksBuildPhase;
			buildActionMask = 2147483647;
			files = (
			);
			runOnlyForDeploymentPostprocessing = 0;
		};
/* End PBXFrameworksBuildPhase section */

/* Begin PBXGroup section */
		B1038BB62A697F61000ABDFE = {
			isa = PBXGroup;
			children = (
				B1AD489A2A6DC203000DBB71 /* PRIVACY.txt */,
				B1AD488C2A6D7EFE000DBB71 /* LICENSE.txt */,
				B1038BE72A69E13B000ABDFE /* README.md */,
				B1038BC12A697F61000ABDFE /* IdentityInsight */,
				B1038BC02A697F61000ABDFE /* Products */,
			);
			sourceTree = "<group>";
		};
		B1038BC02A697F61000ABDFE /* Products */ = {
			isa = PBXGroup;
			children = (
				B1038BBF2A697F61000ABDFE /* IdentityInsight.app */,
			);
			name = Products;
			sourceTree = "<group>";
		};
		B1038BC12A697F61000ABDFE /* IdentityInsight */ = {
			isa = PBXGroup;
			children = (
				B1038BD12A6984C6000ABDFE /* WebAPI.swift */,
				B1AD48972A6D9DDC000DBB71 /* Models */,
				B1AD48942A6D8DEF000DBB71 /* Helper */,
				B1038BDA2A699173000ABDFE /* ViewModels */,
				B1038BD52A69911E000ABDFE /* Views */,
				B1038BD42A69896E000ABDFE /* Info.plist */,
				B1038BC22A697F61000ABDFE /* IdentityInsightApp.swift */,
				B1038BC62A697F62000ABDFE /* Assets.xcassets */,
				B1038BC82A697F62000ABDFE /* Preview Content */,
				B1038BD32A6986F7000ABDFE /* Config.xcconfig */,
			);
			path = IdentityInsight;
			sourceTree = "<group>";
		};
		B1038BC82A697F62000ABDFE /* Preview Content */ = {
			isa = PBXGroup;
			children = (
				B1038BC92A697F62000ABDFE /* Preview Assets.xcassets */,
			);
			path = "Preview Content";
			sourceTree = "<group>";
		};
		B1038BD52A69911E000ABDFE /* Views */ = {
			isa = PBXGroup;
			children = (
				B1038BC42A697F61000ABDFE /* ContentView.swift */,
				B1038BD82A69914C000ABDFE /* IdentityView.swift */,
				B1038BDD2A6995A4000ABDFE /* MapColumnView.swift */,
				B1038BDF2A699670000ABDFE /* IdentityDetailsView.swift */,
				B1038BE52A69C3FA000ABDFE /* SettingsView.swift */,
				B1AD488E2A6D87E1000DBB71 /* HistoryView.swift */,
			);
			path = Views;
			sourceTree = "<group>";
		};
		B1038BDA2A699173000ABDFE /* ViewModels */ = {
			isa = PBXGroup;
			children = (
				B1038BDB2A699185000ABDFE /* ApiViewModel.swift */,
				B1AD48922A6D8A82000DBB71 /* HistoryViewModel.swift */,
			);
			path = ViewModels;
			sourceTree = "<group>";
		};
		B1AD48942A6D8DEF000DBB71 /* Helper */ = {
			isa = PBXGroup;
			children = (
				B1AD48952A6D8DFB000DBB71 /* EmojiHelper.swift */,
				B1AD48982A6DA6C4000DBB71 /* PresentationModeHelper.swift */,
			);
			path = Helper;
			sourceTree = "<group>";
		};
		B1AD48972A6D9DDC000DBB71 /* Models */ = {
			isa = PBXGroup;
			children = (
				B1AD48902A6D888C000DBB71 /* History.swift */,
			);
			path = Models;
			sourceTree = "<group>";
		};
/* End PBXGroup section */

/* Begin PBXNativeTarget section */
		B1038BBE2A697F61000ABDFE /* IdentityInsight */ = {
			isa = PBXNativeTarget;
			buildConfigurationList = B1038BCD2A697F62000ABDFE /* Build configuration list for PBXNativeTarget "IdentityInsight" */;
			buildPhases = (
				B1038BBB2A697F61000ABDFE /* Sources */,
				B1038BBC2A697F61000ABDFE /* Frameworks */,
				B1038BBD2A697F61000ABDFE /* Resources */,
			);
			buildRules = (
			);
			dependencies = (
			);
			name = IdentityInsight;
			productName = IdentityInsight;
			productReference = B1038BBF2A697F61000ABDFE /* IdentityInsight.app */;
			productType = "com.apple.product-type.application";
		};
/* End PBXNativeTarget section */

/* Begin PBXProject section */
		B1038BB72A697F61000ABDFE /* Project object */ = {
			isa = PBXProject;
			attributes = {
				BuildIndependentTargetsInParallel = 1;
				LastSwiftUpdateCheck = 1430;
				LastUpgradeCheck = 1430;
				TargetAttributes = {
					B1038BBE2A697F61000ABDFE = {
						CreatedOnToolsVersion = 14.3.1;
					};
				};
			};
			buildConfigurationList = B1038BBA2A697F61000ABDFE /* Build configuration list for PBXProject "IdentityInsight" */;
			compatibilityVersion = "Xcode 14.0";
			developmentRegion = en;
			hasScannedForEncodings = 0;
			knownRegions = (
				en,
				Base,
			);
			mainGroup = B1038BB62A697F61000ABDFE;
			productRefGroup = B1038BC02A697F61000ABDFE /* Products */;
			projectDirPath = "";
			projectRoot = "";
			targets = (
				B1038BBE2A697F61000ABDFE /* IdentityInsight */,
			);
		};
/* End PBXProject section */

/* Begin PBXResourcesBuildPhase section */
		B1038BBD2A697F61000ABDFE /* Resources */ = {
			isa = PBXResourcesBuildPhase;
			buildActionMask = 2147483647;
			files = (
				B1AD488D2A6D7EFE000DBB71 /* LICENSE.txt in Resources */,
				B1AD489B2A6DC203000DBB71 /* PRIVACY.txt in Resources */,
				B1038BE82A69E13B000ABDFE /* README.md in Resources */,
				B1038BCA2A697F62000ABDFE /* Preview Assets.xcassets in Resources */,
				B1038BC72A697F62000ABDFE /* Assets.xcassets in Resources */,
			);
			runOnlyForDeploymentPostprocessing = 0;
		};
/* End PBXResourcesBuildPhase section */

/* Begin PBXSourcesBuildPhase section */
		B1038BBB2A697F61000ABDFE /* Sources */ = {
			isa = PBXSourcesBuildPhase;
			buildActionMask = 2147483647;
			files = (
				B1AD48992A6DA6C4000DBB71 /* PresentationModeHelper.swift in Sources */,
				B1AD48962A6D8DFB000DBB71 /* EmojiHelper.swift in Sources */,
				B1038BC52A697F61000ABDFE /* ContentView.swift in Sources */,
				B1AD48912A6D888C000DBB71 /* History.swift in Sources */,
				B1AD48932A6D8A82000DBB71 /* HistoryViewModel.swift in Sources */,
				B1038BE62A69C3FA000ABDFE /* SettingsView.swift in Sources */,
				B1038BD22A6984C6000ABDFE /* WebAPI.swift in Sources */,
				B1038BD92A69914C000ABDFE /* IdentityView.swift in Sources */,
				B1038BC32A697F61000ABDFE /* IdentityInsightApp.swift in Sources */,
				B1038BDE2A6995A4000ABDFE /* MapColumnView.swift in Sources */,
				B1038BE02A699670000ABDFE /* IdentityDetailsView.swift in Sources */,
				B1AD488F2A6D87E1000DBB71 /* HistoryView.swift in Sources */,
				B1038BDC2A699185000ABDFE /* ApiViewModel.swift in Sources */,
			);
			runOnlyForDeploymentPostprocessing = 0;
		};
/* End PBXSourcesBuildPhase section */

/* Begin XCBuildConfiguration section */
		B1038BCB2A697F62000ABDFE /* Debug */ = {
			isa = XCBuildConfiguration;
			buildSettings = {
				ALWAYS_SEARCH_USER_PATHS = NO;
				CLANG_ANALYZER_NONNULL = YES;
				CLANG_ANALYZER_NUMBER_OBJECT_CONVERSION = YES_AGGRESSIVE;
				CLANG_CXX_LANGUAGE_STANDARD = "gnu++20";
				CLANG_ENABLE_MODULES = YES;
				CLANG_ENABLE_OBJC_ARC = YES;
				CLANG_ENABLE_OBJC_WEAK = YES;
				CLANG_WARN_BLOCK_CAPTURE_AUTORELEASING = YES;
				CLANG_WARN_BOOL_CONVERSION = YES;
				CLANG_WARN_COMMA = YES;
				CLANG_WARN_CONSTANT_CONVERSION = YES;
				CLANG_WARN_DEPRECATED_OBJC_IMPLEMENTATIONS = YES;
				CLANG_WARN_DIRECT_OBJC_ISA_USAGE = YES_ERROR;
				CLANG_WARN_DOCUMENTATION_COMMENTS = YES;
				CLANG_WARN_EMPTY_BODY = YES;
				CLANG_WARN_ENUM_CONVERSION = YES;
				CLANG_WARN_INFINITE_RECURSION = YES;
				CLANG_WARN_INT_CONVERSION = YES;
				CLANG_WARN_NON_LITERAL_NULL_CONVERSION = YES;
				CLANG_WARN_OBJC_IMPLICIT_RETAIN_SELF = YES;
				CLANG_WARN_OBJC_LITERAL_CONVERSION = YES;
				CLANG_WARN_OBJC_ROOT_CLASS = YES_ERROR;
				CLANG_WARN_QUOTED_INCLUDE_IN_FRAMEWORK_HEADER = YES;
				CLANG_WARN_RANGE_LOOP_ANALYSIS = YES;
				CLANG_WARN_STRICT_PROTOTYPES = YES;
				CLANG_WARN_SUSPICIOUS_MOVE = YES;
				CLANG_WARN_UNGUARDED_AVAILABILITY = YES_AGGRESSIVE;
				CLANG_WARN_UNREACHABLE_CODE = YES;
				CLANG_WARN__DUPLICATE_METHOD_MATCH = YES;
				COPY_PHASE_STRIP = NO;
				DEBUG_INFORMATION_FORMAT = dwarf;
				ENABLE_STRICT_OBJC_MSGSEND = YES;
				ENABLE_TESTABILITY = YES;
				GCC_C_LANGUAGE_STANDARD = gnu11;
				GCC_DYNAMIC_NO_PIC = NO;
				GCC_NO_COMMON_BLOCKS = YES;
				GCC_OPTIMIZATION_LEVEL = 0;
				GCC_PREPROCESSOR_DEFINITIONS = (
					"DEBUG=1",
					"$(inherited)",
				);
				GCC_WARN_64_TO_32_BIT_CONVERSION = YES;
				GCC_WARN_ABOUT_RETURN_TYPE = YES_ERROR;
				GCC_WARN_UNDECLARED_SELECTOR = YES;
				GCC_WARN_UNINITIALIZED_AUTOS = YES_AGGRESSIVE;
				GCC_WARN_UNUSED_FUNCTION = YES;
				GCC_WARN_UNUSED_VARIABLE = YES;
				IPHONEOS_DEPLOYMENT_TARGET = 16.4;
				MTL_ENABLE_DEBUG_INFO = INCLUDE_SOURCE;
				MTL_FAST_MATH = YES;
				ONLY_ACTIVE_ARCH = YES;
				SDKROOT = iphoneos;
				SWIFT_ACTIVE_COMPILATION_CONDITIONS = DEBUG;
				SWIFT_OPTIMIZATION_LEVEL = "-Onone";
			};
			name = Debug;
		};
		B1038BCC2A697F62000ABDFE /* Release */ = {
			isa = XCBuildConfiguration;
			buildSettings = {
				ALWAYS_SEARCH_USER_PATHS = NO;
				CLANG_ANALYZER_NONNULL = YES;
				CLANG_ANALYZER_NUMBER_OBJECT_CONVERSION = YES_AGGRESSIVE;
				CLANG_CXX_LANGUAGE_STANDARD = "gnu++20";
				CLANG_ENABLE_MODULES = YES;
				CLANG_ENABLE_OBJC_ARC = YES;
				CLANG_ENABLE_OBJC_WEAK = YES;
				CLANG_WARN_BLOCK_CAPTURE_AUTORELEASING = YES;
				CLANG_WARN_BOOL_CONVERSION = YES;
				CLANG_WARN_COMMA = YES;
				CLANG_WARN_CONSTANT_CONVERSION = YES;
				CLANG_WARN_DEPRECATED_OBJC_IMPLEMENTATIONS = YES;
				CLANG_WARN_DIRECT_OBJC_ISA_USAGE = YES_ERROR;
				CLANG_WARN_DOCUMENTATION_COMMENTS = YES;
				CLANG_WARN_EMPTY_BODY = YES;
				CLANG_WARN_ENUM_CONVERSION = YES;
				CLANG_WARN_INFINITE_RECURSION = YES;
				CLANG_WARN_INT_CONVERSION = YES;
				CLANG_WARN_NON_LITERAL_NULL_CONVERSION = YES;
				CLANG_WARN_OBJC_IMPLICIT_RETAIN_SELF = YES;
				CLANG_WARN_OBJC_LITERAL_CONVERSION = YES;
				CLANG_WARN_OBJC_ROOT_CLASS = YES_ERROR;
				CLANG_WARN_QUOTED_INCLUDE_IN_FRAMEWORK_HEADER = YES;
				CLANG_WARN_RANGE_LOOP_ANALYSIS = YES;
				CLANG_WARN_STRICT_PROTOTYPES = YES;
				CLANG_WARN_SUSPICIOUS_MOVE = YES;
				CLANG_WARN_UNGUARDED_AVAILABILITY = YES_AGGRESSIVE;
				CLANG_WARN_UNREACHABLE_CODE = YES;
				CLANG_WARN__DUPLICATE_METHOD_MATCH = YES;
				COPY_PHASE_STRIP = NO;
				DEBUG_INFORMATION_FORMAT = "dwarf-with-dsym";
				ENABLE_NS_ASSERTIONS = NO;
				ENABLE_STRICT_OBJC_MSGSEND = YES;
				GCC_C_LANGUAGE_STANDARD = gnu11;
				GCC_NO_COMMON_BLOCKS = YES;
				GCC_WARN_64_TO_32_BIT_CONVERSION = YES;
				GCC_WARN_ABOUT_RETURN_TYPE = YES_ERROR;
				GCC_WARN_UNDECLARED_SELECTOR = YES;
				GCC_WARN_UNINITIALIZED_AUTOS = YES_AGGRESSIVE;
				GCC_WARN_UNUSED_FUNCTION = YES;
				GCC_WARN_UNUSED_VARIABLE = YES;
				IPHONEOS_DEPLOYMENT_TARGET = 16.4;
				MTL_ENABLE_DEBUG_INFO = NO;
				MTL_FAST_MATH = YES;
				SDKROOT = iphoneos;
				SWIFT_COMPILATION_MODE = wholemodule;
				SWIFT_OPTIMIZATION_LEVEL = "-O";
				VALIDATE_PRODUCT = YES;
			};
			name = Release;
		};
		B1038BCE2A697F62000ABDFE /* Debug */ = {
			isa = XCBuildConfiguration;
			baseConfigurationReference = B1038BD32A6986F7000ABDFE /* Config.xcconfig */;
			buildSettings = {
				ASSETCATALOG_COMPILER_APPICON_NAME = AppIcon;
				ASSETCATALOG_COMPILER_GLOBAL_ACCENT_COLOR_NAME = AccentColor;
				CODE_SIGN_ENTITLEMENTS = IdentityInsight/IdentityInsight.entitlements;
				CODE_SIGN_STYLE = Automatic;
				CURRENT_PROJECT_VERSION = 417;
				DEVELOPMENT_ASSET_PATHS = "\"IdentityInsight/Preview Content\"";
				DEVELOPMENT_TEAM = T6Y826PCAK;
				ENABLE_PREVIEWS = YES;
				GENERATE_INFOPLIST_FILE = YES;
				INFOPLIST_FILE = IdentityInsight/Info.plist;
				INFOPLIST_KEY_CFBundleDisplayName = "Identity Insight";
				INFOPLIST_KEY_LSApplicationCategoryType = "public.app-category.education";
				INFOPLIST_KEY_UIApplicationSceneManifest_Generation = YES;
				INFOPLIST_KEY_UIApplicationSupportsIndirectInputEvents = YES;
				INFOPLIST_KEY_UILaunchScreen_Generation = YES;
				INFOPLIST_KEY_UISupportedInterfaceOrientations_iPad = "UIInterfaceOrientationPortrait UIInterfaceOrientationPortraitUpsideDown UIInterfaceOrientationLandscapeLeft UIInterfaceOrientationLandscapeRight";
				INFOPLIST_KEY_UISupportedInterfaceOrientations_iPhone = "UIInterfaceOrientationPortrait UIInterfaceOrientationLandscapeLeft UIInterfaceOrientationLandscapeRight";
				LD_RUNPATH_SEARCH_PATHS = (
					"$(inherited)",
					"@executable_path/Frameworks",
				);
				MARKETING_VERSION = 1.0;
				PRODUCT_BUNDLE_IDENTIFIER = dev.paulober.IdentityInsight;
				PRODUCT_NAME = "$(TARGET_NAME)";
				SWIFT_EMIT_LOC_STRINGS = YES;
				SWIFT_VERSION = 5.0;
				TARGETED_DEVICE_FAMILY = "1,2";
			};
			name = Debug;
		};
		B1038BCF2A697F62000ABDFE /* Release */ = {
			isa = XCBuildConfiguration;
			baseConfigurationReference = B1038BD32A6986F7000ABDFE /* Config.xcconfig */;
			buildSettings = {
				ASSETCATALOG_COMPILER_APPICON_NAME = AppIcon;
				ASSETCATALOG_COMPILER_GLOBAL_ACCENT_COLOR_NAME = AccentColor;
				CODE_SIGN_ENTITLEMENTS = IdentityInsight/IdentityInsight.entitlements;
				CODE_SIGN_STYLE = Automatic;
				CURRENT_PROJECT_VERSION = 417;
				DEVELOPMENT_ASSET_PATHS = "\"IdentityInsight/Preview Content\"";
				DEVELOPMENT_TEAM = T6Y826PCAK;
				ENABLE_PREVIEWS = YES;
				GENERATE_INFOPLIST_FILE = YES;
				INFOPLIST_FILE = IdentityInsight/Info.plist;
				INFOPLIST_KEY_CFBundleDisplayName = "Identity Insight";
				INFOPLIST_KEY_LSApplicationCategoryType = "public.app-category.education";
				INFOPLIST_KEY_UIApplicationSceneManifest_Generation = YES;
				INFOPLIST_KEY_UIApplicationSupportsIndirectInputEvents = YES;
				INFOPLIST_KEY_UILaunchScreen_Generation = YES;
				INFOPLIST_KEY_UISupportedInterfaceOrientations_iPad = "UIInterfaceOrientationPortrait UIInterfaceOrientationPortraitUpsideDown UIInterfaceOrientationLandscapeLeft UIInterfaceOrientationLandscapeRight";
				INFOPLIST_KEY_UISupportedInterfaceOrientations_iPhone = "UIInterfaceOrientationPortrait UIInterfaceOrientationLandscapeLeft UIInterfaceOrientationLandscapeRight";
				LD_RUNPATH_SEARCH_PATHS = (
					"$(inherited)",
					"@executable_path/Frameworks",
				);
				MARKETING_VERSION = 1.0;
				PRODUCT_BUNDLE_IDENTIFIER = dev.paulober.IdentityInsight;
				PRODUCT_NAME = "$(TARGET_NAME)";
				SWIFT_EMIT_LOC_STRINGS = YES;
				SWIFT_VERSION = 5.0;
				TARGETED_DEVICE_FAMILY = "1,2";
			};
			name = Release;
		};
/* End XCBuildConfiguration section */

/* Begin XCConfigurationList section */
		B1038BBA2A697F61000ABDFE /* Build configuration list for PBXProject "IdentityInsight" */ = {
			isa = XCConfigurationList;
			buildConfigurations = (
				B1038BCB2A697F62000ABDFE /* Debug */,
				B1038BCC2A697F62000ABDFE /* Release */,
			);
			defaultConfigurationIsVisible = 0;
			defaultConfigurationName = Release;
		};
		B1038BCD2A697F62000ABDFE /* Build configuration list for PBXNativeTarget "IdentityInsight" */ = {
			isa = XCConfigurationList;
			buildConfigurations = (
				B1038BCE2A697F62000ABDFE /* Debug */,
				B1038BCF2A697F62000ABDFE /* Release */,
			);
			defaultConfigurationIsVisible = 0;
			defaultConfigurationName = Release;
		};
/* End XCConfigurationList section */
	};
	rootObject = B1038BB72A697F61000ABDFE /* Project object */;
}
